
Microsoft Visual Studio Solution File, Format Version 12.00
# Visual Studio Version 17
VisualStudioVersion = 17.14.36518.9
MinimumVisualStudioVersion = 10.0.40219.1
Project("{2150E333-8FDC-42A3-9474-1A3956D46DE8}") = "Services", "Services", "{02EA681E-C7D8-13C7-8484-4AC65E1B71E8}"
EndProject
Project("{2150E333-8FDC-42A3-9474-1A3956D46DE8}") = "Catalog", "Catalog", "{C454D4DB-8F4B-4F97-8898-E9FDC21C6EB6}"
EndProject
Project("{FAE04EC0-301F-11D3-BF4B-00C04F79EFBC}") = "Ecommerce.Catalog", "Services\Catalog\Ecommerce.Catalog\Ecommerce.Catalog.csproj", "{889E9078-1754-4185-9B42-E2DF0B46FBB1}"
EndProject
Project("{2150E333-8FDC-42A3-9474-1A3956D46DE8}") = "Discount", "Discount", "{256E6D33-DC43-4680-B0DD-B143C26D1DBE}"
EndProject
Project("{FAE04EC0-301F-11D3-BF4B-00C04F79EFBC}") = "Ecommerce.Discount", "Discount\Ecommerce.Discount\Ecommerce.Discount.csproj", "{B81CE31B-501B-412E-B4C0-477400FC6AE7}"
EndProject
Project("{2150E333-8FDC-42A3-9474-1A3956D46DE8}") = "Order", "Order", "{24B5C472-B843-4182-8015-27711575992C}"
EndProject
Project("{2150E333-8FDC-42A3-9474-1A3956D46DE8}") = "Core", "Core", "{21A76A2F-298C-4857-A657-194C720FFC4A}"
EndProject
Project("{2150E333-8FDC-42A3-9474-1A3956D46DE8}") = "Infrastructure", "Infrastructure", "{61E72A0D-ABA6-4E78-AF64-5884C3451DF7}"
EndProject
Project("{2150E333-8FDC-42A3-9474-1A3956D46DE8}") = "Presentation", "Presentation", "{F82E3267-EC13-40DF-AE55-9590B88E37C6}"
EndProject
Project("{FAE04EC0-301F-11D3-BF4B-00C04F79EFBC}") = "Ecommerce.Order.Domain", "Services\Order\Core\Ecommerce.Order.Domain\Ecommerce.Order.Domain.csproj", "{D0BB2381-ECAE-45D0-860D-9CCB6239BE5C}"
EndProject
Project("{FAE04EC0-301F-11D3-BF4B-00C04F79EFBC}") = "Ecommerce.Order.Application", "Services\Order\Core\Ecommerce.Order.Application\Ecommerce.Order.Application.csproj", "{B03A8A3E-DA0D-470F-83D3-3BE379921992}"
EndProject
Project("{FAE04EC0-301F-11D3-BF4B-00C04F79EFBC}") = "Ecommerce.Order.Persistance", "Services\Order\Infrastructure\Ecommerce.Order.Persistance\Ecommerce.Order.Persistance.csproj", "{6077AB08-B101-477D-BFB2-A1B32E5E6150}"
EndProject
Project("{FAE04EC0-301F-11D3-BF4B-00C04F79EFBC}") = "Ecommerce.Order.WebApi", "Services\Order\Presentation\Ecommerce.Order.WebApi\Ecommerce.Order.WebApi.csproj", "{E7D1CC1B-9380-4176-ACEE-4F6E0B6213AD}"
EndProject
Global
	GlobalSection(SolutionConfigurationPlatforms) = preSolution
		Debug|Any CPU = Debug|Any CPU
		Release|Any CPU = Release|Any CPU
	EndGlobalSection
	GlobalSection(ProjectConfigurationPlatforms) = postSolution
		{889E9078-1754-4185-9B42-E2DF0B46FBB1}.Debug|Any CPU.ActiveCfg = Debug|Any CPU
		{889E9078-1754-4185-9B42-E2DF0B46FBB1}.Debug|Any CPU.Build.0 = Debug|Any CPU
		{889E9078-1754-4185-9B42-E2DF0B46FBB1}.Release|Any CPU.ActiveCfg = Release|Any CPU
		{889E9078-1754-4185-9B42-E2DF0B46FBB1}.Release|Any CPU.Build.0 = Release|Any CPU
		{B81CE31B-501B-412E-B4C0-477400FC6AE7}.Debug|Any CPU.ActiveCfg = Debug|Any CPU
		{B81CE31B-501B-412E-B4C0-477400FC6AE7}.Debug|Any CPU.Build.0 = Debug|Any CPU
		{B81CE31B-501B-412E-B4C0-477400FC6AE7}.Release|Any CPU.ActiveCfg = Release|Any CPU
		{B81CE31B-501B-412E-B4C0-477400FC6AE7}.Release|Any CPU.Build.0 = Release|Any CPU
		{D0BB2381-ECAE-45D0-860D-9CCB6239BE5C}.Debug|Any CPU.ActiveCfg = Debug|Any CPU
		{D0BB2381-ECAE-45D0-860D-9CCB6239BE5C}.Debug|Any CPU.Build.0 = Debug|Any CPU
		{D0BB2381-ECAE-45D0-860D-9CCB6239BE5C}.Release|Any CPU.ActiveCfg = Release|Any CPU
		{D0BB2381-ECAE-45D0-860D-9CCB6239BE5C}.Release|Any CPU.Build.0 = Release|Any CPU
		{B03A8A3E-DA0D-470F-83D3-3BE379921992}.Debug|Any CPU.ActiveCfg = Debug|Any CPU
		{B03A8A3E-DA0D-470F-83D3-3BE379921992}.Debug|Any CPU.Build.0 = Debug|Any CPU
		{B03A8A3E-DA0D-470F-83D3-3BE379921992}.Release|Any CPU.ActiveCfg = Release|Any CPU
		{B03A8A3E-DA0D-470F-83D3-3BE379921992}.Release|Any CPU.Build.0 = Release|Any CPU
		{6077AB08-B101-477D-BFB2-A1B32E5E6150}.Debug|Any CPU.ActiveCfg = Debug|Any CPU
		{6077AB08-B101-477D-BFB2-A1B32E5E6150}.Debug|Any CPU.Build.0 = Debug|Any CPU
		{6077AB08-B101-477D-BFB2-A1B32E5E6150}.Release|Any CPU.ActiveCfg = Release|Any CPU
		{6077AB08-B101-477D-BFB2-A1B32E5E6150}.Release|Any CPU.Build.0 = Release|Any CPU
		{E7D1CC1B-9380-4176-ACEE-4F6E0B6213AD}.Debug|Any CPU.ActiveCfg = Debug|Any CPU
		{E7D1CC1B-9380-4176-ACEE-4F6E0B6213AD}.Debug|Any CPU.Build.0 = Debug|Any CPU
		{E7D1CC1B-9380-4176-ACEE-4F6E0B6213AD}.Release|Any CPU.ActiveCfg = Release|Any CPU
		{E7D1CC1B-9380-4176-ACEE-4F6E0B6213AD}.Release|Any CPU.Build.0 = Release|Any CPU
	EndGlobalSection
	GlobalSection(SolutionProperties) = preSolution
		HideSolutionNode = FALSE
	EndGlobalSection
	GlobalSection(NestedProjects) = preSolution
		{C454D4DB-8F4B-4F97-8898-E9FDC21C6EB6} = {02EA681E-C7D8-13C7-8484-4AC65E1B71E8}
		{889E9078-1754-4185-9B42-E2DF0B46FBB1} = {C454D4DB-8F4B-4F97-8898-E9FDC21C6EB6}
		{256E6D33-DC43-4680-B0DD-B143C26D1DBE} = {02EA681E-C7D8-13C7-8484-4AC65E1B71E8}
		{B81CE31B-501B-412E-B4C0-477400FC6AE7} = {256E6D33-DC43-4680-B0DD-B143C26D1DBE}
		{24B5C472-B843-4182-8015-27711575992C} = {02EA681E-C7D8-13C7-8484-4AC65E1B71E8}
		{21A76A2F-298C-4857-A657-194C720FFC4A} = {24B5C472-B843-4182-8015-27711575992C}
		{61E72A0D-ABA6-4E78-AF64-5884C3451DF7} = {24B5C472-B843-4182-8015-27711575992C}
		{F82E3267-EC13-40DF-AE55-9590B88E37C6} = {24B5C472-B843-4182-8015-27711575992C}
		{D0BB2381-ECAE-45D0-860D-9CCB6239BE5C} = {21A76A2F-298C-4857-A657-194C720FFC4A}
		{B03A8A3E-DA0D-470F-83D3-3BE379921992} = {21A76A2F-298C-4857-A657-194C720FFC4A}
		{6077AB08-B101-477D-BFB2-A1B32E5E6150} = {61E72A0D-ABA6-4E78-AF64-5884C3451DF7}
		{E7D1CC1B-9380-4176-ACEE-4F6E0B6213AD} = {F82E3267-EC13-40DF-AE55-9590B88E37C6}
	EndGlobalSection
	GlobalSection(ExtensibilityGlobals) = postSolution
		SolutionGuid = {12A9FD83-8A7C-4A75-9D6E-EBF09F6612F9}
	EndGlobalSection
EndGlobal
