
Microsoft Visual Studio Solution File, Format Version 12.00
# Visual Studio Version 17
VisualStudioVersion = 17.14.36518.9
MinimumVisualStudioVersion = 10.0.40219.1
Project("{2150E333-8FDC-42A3-9474-1A3956D46DE8}") = "Services", "Services", "{02EA681E-C7D8-13C7-8484-4AC65E1B71E8}"
EndProject
Project("{2150E333-8FDC-42A3-9474-1A3956D46DE8}") = "Catalog", "Catalog", "{C454D4DB-8F4B-4F97-8898-E9FDC21C6EB6}"
EndProject
Project("{FAE04EC0-301F-11D3-BF4B-00C04F79EFBC}") = "Ecommerce.Catalog", "Services\Catalog\Ecommerce.Catalog\Ecommerce.Catalog.csproj", "{889E9078-1754-4185-9B42-E2DF0B46FBB1}"
EndProject
Project("{2150E333-8FDC-42A3-9474-1A3956D46DE8}") = "Discount", "Discount", "{256E6D33-DC43-4680-B0DD-B143C26D1DBE}"
EndProject
Project("{FAE04EC0-301F-11D3-BF4B-00C04F79EFBC}") = "Ecommerce.Discount", "Discount\Ecommerce.Discount\Ecommerce.Discount.csproj", "{B81CE31B-501B-412E-B4C0-477400FC6AE7}"
EndProject
Project("{2150E333-8FDC-42A3-9474-1A3956D46DE8}") = "Order", "Order", "{24B5C472-B843-4182-8015-27711575992C}"
EndProject
Project("{2150E333-8FDC-42A3-9474-1A3956D46DE8}") = "Core", "Core", "{21A76A2F-298C-4857-A657-194C720FFC4A}"
EndProject
Project("{2150E333-8FDC-42A3-9474-1A3956D46DE8}") = "Infrastructure", "Infrastructure", "{61E72A0D-ABA6-4E78-AF64-5884C3451DF7}"
EndProject
Project("{2150E333-8FDC-42A3-9474-1A3956D46DE8}") = "Presentation", "Presentation", "{F82E3267-EC13-40DF-AE55-9590B88E37C6}"
EndProject
Project("{FAE04EC0-301F-11D3-BF4B-00C04F79EFBC}") = "Ecommerce.Order.Domain", "Services\Order\Core\Ecommerce.Order.Domain\Ecommerce.Order.Domain.csproj", "{D0BB2381-ECAE-45D0-860D-9CCB6239BE5C}"
EndProject
Project("{FAE04EC0-301F-11D3-BF4B-00C04F79EFBC}") = "Ecommerce.Order.Application", "Services\Order\Core\Ecommerce.Order.Application\Ecommerce.Order.Application.csproj", "{B03A8A3E-DA0D-470F-83D3-3BE379921992}"
EndProject
Project("{FAE04EC0-301F-11D3-BF4B-00C04F79EFBC}") = "Ecommerce.Order.Persistance", "Services\Order\Infrastructure\Ecommerce.Order.Persistance\Ecommerce.Order.Persistance.csproj", "{6077AB08-B101-477D-BFB2-A1B32E5E6150}"
EndProject
Project("{FAE04EC0-301F-11D3-BF4B-00C04F79EFBC}") = "Ecommerce.Order.WebApi", "Services\Order\Presentation\Ecommerce.Order.WebApi\Ecommerce.Order.WebApi.csproj", "{E7D1CC1B-9380-4176-ACEE-4F6E0B6213AD}"
EndProject
Project("{2150E333-8FDC-42A3-9474-1A3956D46DE8}") = "IdentityServer", "IdentityServer", "{1C860B89-DFD3-4CFE-8457-82EDCC699A47}"
EndProject
Project("{FAE04EC0-301F-11D3-BF4B-00C04F79EFBC}") = "Ecommerce.IdentityServer", "..\IdentityLocation\Ecommerce.IdentityServer\Ecommerce.IdentityServer.csproj", "{A4457C05-B1F3-73E6-5F68-B909317E7065}"
EndProject
Project("{2150E333-8FDC-42A3-9474-1A3956D46DE8}") = "Cargo", "Cargo", "{71674585-BE4C-4B1A-8599-3A14A5AA3DA2}"
EndProject
Project("{FAE04EC0-301F-11D3-BF4B-00C04F79EFBC}") = "Ecommerce.Cargo.BusinessLayer", "Services\Cargo\Ecommerce.Cargo.BusinessLayer\Ecommerce.Cargo.BusinessLayer.csproj", "{3A30208A-5D11-16DC-F8CA-FE58C8AD0C30}"
EndProject
Project("{FAE04EC0-301F-11D3-BF4B-00C04F79EFBC}") = "Ecommerce.Cargo.DataAccessLayer", "Services\Cargo\Ecommerce.Cargo.DataAccessLayer\Ecommerce.Cargo.DataAccessLayer.csproj", "{DE82E40C-02E6-2D98-CEF6-C19C125452F0}"
EndProject
Project("{FAE04EC0-301F-11D3-BF4B-00C04F79EFBC}") = "Ecommerce.Cargo.DtoLayer", "Services\Cargo\Ecommerce.Cargo.DtoLayer\Ecommerce.Cargo.DtoLayer.csproj", "{0E50F14E-CEA2-49F5-1DE7-8827A8CF5773}"
EndProject
Project("{FAE04EC0-301F-11D3-BF4B-00C04F79EFBC}") = "Ecommerce.Cargo.EntityLayer", "Services\Cargo\Ecommerce.Cargo.EntityLayer\Ecommerce.Cargo.EntityLayer.csproj", "{AEFC9804-8527-556C-18D1-0C393B7CCD0C}"
EndProject
Project("{FAE04EC0-301F-11D3-BF4B-00C04F79EFBC}") = "Ecommerce.Cargo.WebAPI", "Services\Cargo\Ecommerce.Cargo.WebAPI\Ecommerce.Cargo.WebAPI.csproj", "{B724FC38-6264-427B-9527-4FEC9798C348}"
EndProject
Project("{2150E333-8FDC-42A3-9474-1A3956D46DE8}") = "Cart", "Cart", "{D941C90D-1396-493B-A9C0-088993E74BB9}"
EndProject
Project("{FAE04EC0-301F-11D3-BF4B-00C04F79EFBC}") = "Ecommerce.Cart", "Services\Cart\Ecommerce.Cart\Ecommerce.Cart.csproj", "{D00D0849-6327-482A-B0D7-EDC684C85727}"
EndProject
Project("{2150E333-8FDC-42A3-9474-1A3956D46DE8}") = "frontend", "frontend", "{BC7FB30F-E95C-4681-9F1F-D8D5081C7253}"
EndProject
Project("{FAE04EC0-301F-11D3-BF4B-00C04F79EFBC}") = "Ecommerce.WebUI", "frontends\Ecommerce.WebUI\Ecommerce.WebUI.csproj", "{27B5E470-991C-46F2-AFA5-6A64FA4D3534}"
EndProject
Global
	GlobalSection(SolutionConfigurationPlatforms) = preSolution
		Debug|Any CPU = Debug|Any CPU
		Release|Any CPU = Release|Any CPU
	EndGlobalSection
	GlobalSection(ProjectConfigurationPlatforms) = postSolution
		{889E9078-1754-4185-9B42-E2DF0B46FBB1}.Debug|Any CPU.ActiveCfg = Debug|Any CPU
		{889E9078-1754-4185-9B42-E2DF0B46FBB1}.Debug|Any CPU.Build.0 = Debug|Any CPU
		{889E9078-1754-4185-9B42-E2DF0B46FBB1}.Release|Any CPU.ActiveCfg = Release|Any CPU
		{889E9078-1754-4185-9B42-E2DF0B46FBB1}.Release|Any CPU.Build.0 = Release|Any CPU
		{B81CE31B-501B-412E-B4C0-477400FC6AE7}.Debug|Any CPU.ActiveCfg = Debug|Any CPU
		{B81CE31B-501B-412E-B4C0-477400FC6AE7}.Debug|Any CPU.Build.0 = Debug|Any CPU
		{B81CE31B-501B-412E-B4C0-477400FC6AE7}.Release|Any CPU.ActiveCfg = Release|Any CPU
		{B81CE31B-501B-412E-B4C0-477400FC6AE7}.Release|Any CPU.Build.0 = Release|Any CPU
		{D0BB2381-ECAE-45D0-860D-9CCB6239BE5C}.Debug|Any CPU.ActiveCfg = Debug|Any CPU
		{D0BB2381-ECAE-45D0-860D-9CCB6239BE5C}.Debug|Any CPU.Build.0 = Debug|Any CPU
		{D0BB2381-ECAE-45D0-860D-9CCB6239BE5C}.Release|Any CPU.ActiveCfg = Release|Any CPU
		{D0BB2381-ECAE-45D0-860D-9CCB6239BE5C}.Release|Any CPU.Build.0 = Release|Any CPU
		{B03A8A3E-DA0D-470F-83D3-3BE379921992}.Debug|Any CPU.ActiveCfg = Debug|Any CPU
		{B03A8A3E-DA0D-470F-83D3-3BE379921992}.Debug|Any CPU.Build.0 = Debug|Any CPU
		{B03A8A3E-DA0D-470F-83D3-3BE379921992}.Release|Any CPU.ActiveCfg = Release|Any CPU
		{B03A8A3E-DA0D-470F-83D3-3BE379921992}.Release|Any CPU.Build.0 = Release|Any CPU
		{6077AB08-B101-477D-BFB2-A1B32E5E6150}.Debug|Any CPU.ActiveCfg = Debug|Any CPU
		{6077AB08-B101-477D-BFB2-A1B32E5E6150}.Debug|Any CPU.Build.0 = Debug|Any CPU
		{6077AB08-B101-477D-BFB2-A1B32E5E6150}.Release|Any CPU.ActiveCfg = Release|Any CPU
		{6077AB08-B101-477D-BFB2-A1B32E5E6150}.Release|Any CPU.Build.0 = Release|Any CPU
		{E7D1CC1B-9380-4176-ACEE-4F6E0B6213AD}.Debug|Any CPU.ActiveCfg = Debug|Any CPU
		{E7D1CC1B-9380-4176-ACEE-4F6E0B6213AD}.Debug|Any CPU.Build.0 = Debug|Any CPU
		{E7D1CC1B-9380-4176-ACEE-4F6E0B6213AD}.Release|Any CPU.ActiveCfg = Release|Any CPU
		{E7D1CC1B-9380-4176-ACEE-4F6E0B6213AD}.Release|Any CPU.Build.0 = Release|Any CPU
		{A4457C05-B1F3-73E6-5F68-B909317E7065}.Debug|Any CPU.ActiveCfg = Debug|Any CPU
		{A4457C05-B1F3-73E6-5F68-B909317E7065}.Debug|Any CPU.Build.0 = Debug|Any CPU
		{A4457C05-B1F3-73E6-5F68-B909317E7065}.Release|Any CPU.ActiveCfg = Release|Any CPU
		{A4457C05-B1F3-73E6-5F68-B909317E7065}.Release|Any CPU.Build.0 = Release|Any CPU
		{3A30208A-5D11-16DC-F8CA-FE58C8AD0C30}.Debug|Any CPU.ActiveCfg = Debug|Any CPU
		{3A30208A-5D11-16DC-F8CA-FE58C8AD0C30}.Debug|Any CPU.Build.0 = Debug|Any CPU
		{3A30208A-5D11-16DC-F8CA-FE58C8AD0C30}.Release|Any CPU.ActiveCfg = Release|Any CPU
		{3A30208A-5D11-16DC-F8CA-FE58C8AD0C30}.Release|Any CPU.Build.0 = Release|Any CPU
		{DE82E40C-02E6-2D98-CEF6-C19C125452F0}.Debug|Any CPU.ActiveCfg = Debug|Any CPU
		{DE82E40C-02E6-2D98-CEF6-C19C125452F0}.Debug|Any CPU.Build.0 = Debug|Any CPU
		{DE82E40C-02E6-2D98-CEF6-C19C125452F0}.Release|Any CPU.ActiveCfg = Release|Any CPU
		{DE82E40C-02E6-2D98-CEF6-C19C125452F0}.Release|Any CPU.Build.0 = Release|Any CPU
		{0E50F14E-CEA2-49F5-1DE7-8827A8CF5773}.Debug|Any CPU.ActiveCfg = Debug|Any CPU
		{0E50F14E-CEA2-49F5-1DE7-8827A8CF5773}.Debug|Any CPU.Build.0 = Debug|Any CPU
		{0E50F14E-CEA2-49F5-1DE7-8827A8CF5773}.Release|Any CPU.ActiveCfg = Release|Any CPU
		{0E50F14E-CEA2-49F5-1DE7-8827A8CF5773}.Release|Any CPU.Build.0 = Release|Any CPU
		{AEFC9804-8527-556C-18D1-0C393B7CCD0C}.Debug|Any CPU.ActiveCfg = Debug|Any CPU
		{AEFC9804-8527-556C-18D1-0C393B7CCD0C}.Debug|Any CPU.Build.0 = Debug|Any CPU
		{AEFC9804-8527-556C-18D1-0C393B7CCD0C}.Release|Any CPU.ActiveCfg = Release|Any CPU
		{AEFC9804-8527-556C-18D1-0C393B7CCD0C}.Release|Any CPU.Build.0 = Release|Any CPU
		{B724FC38-6264-427B-9527-4FEC9798C348}.Debug|Any CPU.ActiveCfg = Debug|Any CPU
		{B724FC38-6264-427B-9527-4FEC9798C348}.Debug|Any CPU.Build.0 = Debug|Any CPU
		{B724FC38-6264-427B-9527-4FEC9798C348}.Release|Any CPU.ActiveCfg = Release|Any CPU
		{B724FC38-6264-427B-9527-4FEC9798C348}.Release|Any CPU.Build.0 = Release|Any CPU
		{D00D0849-6327-482A-B0D7-EDC684C85727}.Debug|Any CPU.ActiveCfg = Debug|Any CPU
		{D00D0849-6327-482A-B0D7-EDC684C85727}.Debug|Any CPU.Build.0 = Debug|Any CPU
		{D00D0849-6327-482A-B0D7-EDC684C85727}.Release|Any CPU.ActiveCfg = Release|Any CPU
		{D00D0849-6327-482A-B0D7-EDC684C85727}.Release|Any CPU.Build.0 = Release|Any CPU
		{27B5E470-991C-46F2-AFA5-6A64FA4D3534}.Debug|Any CPU.ActiveCfg = Debug|Any CPU
		{27B5E470-991C-46F2-AFA5-6A64FA4D3534}.Debug|Any CPU.Build.0 = Debug|Any CPU
		{27B5E470-991C-46F2-AFA5-6A64FA4D3534}.Release|Any CPU.ActiveCfg = Release|Any CPU
		{27B5E470-991C-46F2-AFA5-6A64FA4D3534}.Release|Any CPU.Build.0 = Release|Any CPU
	EndGlobalSection
	GlobalSection(SolutionProperties) = preSolution
		HideSolutionNode = FALSE
	EndGlobalSection
	GlobalSection(NestedProjects) = preSolution
		{C454D4DB-8F4B-4F97-8898-E9FDC21C6EB6} = {02EA681E-C7D8-13C7-8484-4AC65E1B71E8}
		{889E9078-1754-4185-9B42-E2DF0B46FBB1} = {C454D4DB-8F4B-4F97-8898-E9FDC21C6EB6}
		{256E6D33-DC43-4680-B0DD-B143C26D1DBE} = {02EA681E-C7D8-13C7-8484-4AC65E1B71E8}
		{B81CE31B-501B-412E-B4C0-477400FC6AE7} = {256E6D33-DC43-4680-B0DD-B143C26D1DBE}
		{24B5C472-B843-4182-8015-27711575992C} = {02EA681E-C7D8-13C7-8484-4AC65E1B71E8}
		{21A76A2F-298C-4857-A657-194C720FFC4A} = {24B5C472-B843-4182-8015-27711575992C}
		{61E72A0D-ABA6-4E78-AF64-5884C3451DF7} = {24B5C472-B843-4182-8015-27711575992C}
		{F82E3267-EC13-40DF-AE55-9590B88E37C6} = {24B5C472-B843-4182-8015-27711575992C}
		{D0BB2381-ECAE-45D0-860D-9CCB6239BE5C} = {21A76A2F-298C-4857-A657-194C720FFC4A}
		{B03A8A3E-DA0D-470F-83D3-3BE379921992} = {21A76A2F-298C-4857-A657-194C720FFC4A}
		{6077AB08-B101-477D-BFB2-A1B32E5E6150} = {61E72A0D-ABA6-4E78-AF64-5884C3451DF7}
		{E7D1CC1B-9380-4176-ACEE-4F6E0B6213AD} = {F82E3267-EC13-40DF-AE55-9590B88E37C6}
		{A4457C05-B1F3-73E6-5F68-B909317E7065} = {1C860B89-DFD3-4CFE-8457-82EDCC699A47}
		{71674585-BE4C-4B1A-8599-3A14A5AA3DA2} = {02EA681E-C7D8-13C7-8484-4AC65E1B71E8}
		{3A30208A-5D11-16DC-F8CA-FE58C8AD0C30} = {71674585-BE4C-4B1A-8599-3A14A5AA3DA2}
		{DE82E40C-02E6-2D98-CEF6-C19C125452F0} = {71674585-BE4C-4B1A-8599-3A14A5AA3DA2}
		{0E50F14E-CEA2-49F5-1DE7-8827A8CF5773} = {71674585-BE4C-4B1A-8599-3A14A5AA3DA2}
		{AEFC9804-8527-556C-18D1-0C393B7CCD0C} = {71674585-BE4C-4B1A-8599-3A14A5AA3DA2}
		{B724FC38-6264-427B-9527-4FEC9798C348} = {71674585-BE4C-4B1A-8599-3A14A5AA3DA2}
		{D941C90D-1396-493B-A9C0-088993E74BB9} = {02EA681E-C7D8-13C7-8484-4AC65E1B71E8}
		{D00D0849-6327-482A-B0D7-EDC684C85727} = {D941C90D-1396-493B-A9C0-088993E74BB9}
		{27B5E470-991C-46F2-AFA5-6A64FA4D3534} = {BC7FB30F-E95C-4681-9F1F-D8D5081C7253}
	EndGlobalSection
	GlobalSection(ExtensibilityGlobals) = postSolution
		SolutionGuid = {12A9FD83-8A7C-4A75-9D6E-EBF09F6612F9}
	EndGlobalSection
EndGlobal
